
Microsoft Visual Studio Solution File, Format Version 12.00
# Visual Studio Version 17
VisualStudioVersion = 17.3.32922.545
MinimumVisualStudioVersion = 10.0.40219.1
Project("{9A19103F-16F7-4668-BE54-9A1E7A4F7556}") = "UdemyWeb", "UdemyWeb\UdemyWeb.csproj", "{5BDE559D-0D7A-474C-BA52-094F3B37CEF3}"
EndProject
Project("{9A19103F-16F7-4668-BE54-9A1E7A4F7556}") = "Udemy.DataAccess", "Udemy.DataAccess\Udemy.DataAccess.csproj", "{87B61207-8608-4FFB-82B6-CFD15A0110BD}"
EndProject
Project("{9A19103F-16F7-4668-BE54-9A1E7A4F7556}") = "Udemy.Models", "Udemy.Models\Udemy.Models.csproj", "{5CC32CFB-16BC-4066-A3F1-060DC6886C48}"
EndProject
Project("{9A19103F-16F7-4668-BE54-9A1E7A4F7556}") = "Udemy.Utility", "Udemy.Utility\Udemy.Utility.csproj", "{337C8C1B-8EFF-4DC6-B0BC-1C55844059B9}"
EndProject
Global
	GlobalSection(SolutionConfigurationPlatforms) = preSolution
		Debug|Any CPU = Debug|Any CPU
		Release|Any CPU = Release|Any CPU
	EndGlobalSection
	GlobalSection(ProjectConfigurationPlatforms) = postSolution
		{5BDE559D-0D7A-474C-BA52-094F3B37CEF3}.Debug|Any CPU.ActiveCfg = Debug|Any CPU
		{5BDE559D-0D7A-474C-BA52-094F3B37CEF3}.Debug|Any CPU.Build.0 = Debug|Any CPU
		{5BDE559D-0D7A-474C-BA52-094F3B37CEF3}.Release|Any CPU.ActiveCfg = Release|Any CPU
		{5BDE559D-0D7A-474C-BA52-094F3B37CEF3}.Release|Any CPU.Build.0 = Release|Any CPU
		{87B61207-8608-4FFB-82B6-CFD15A0110BD}.Debug|Any CPU.ActiveCfg = Debug|Any CPU
		{87B61207-8608-4FFB-82B6-CFD15A0110BD}.Debug|Any CPU.Build.0 = Debug|Any CPU
		{87B61207-8608-4FFB-82B6-CFD15A0110BD}.Release|Any CPU.ActiveCfg = Release|Any CPU
		{87B61207-8608-4FFB-82B6-CFD15A0110BD}.Release|Any CPU.Build.0 = Release|Any CPU
		{5CC32CFB-16BC-4066-A3F1-060DC6886C48}.Debug|Any CPU.ActiveCfg = Debug|Any CPU
		{5CC32CFB-16BC-4066-A3F1-060DC6886C48}.Debug|Any CPU.Build.0 = Debug|Any CPU
		{5CC32CFB-16BC-4066-A3F1-060DC6886C48}.Release|Any CPU.ActiveCfg = Release|Any CPU
		{5CC32CFB-16BC-4066-A3F1-060DC6886C48}.Release|Any CPU.Build.0 = Release|Any CPU
		{337C8C1B-8EFF-4DC6-B0BC-1C55844059B9}.Debug|Any CPU.ActiveCfg = Debug|Any CPU
		{337C8C1B-8EFF-4DC6-B0BC-1C55844059B9}.Debug|Any CPU.Build.0 = Debug|Any CPU
		{337C8C1B-8EFF-4DC6-B0BC-1C55844059B9}.Release|Any CPU.ActiveCfg = Release|Any CPU
		{337C8C1B-8EFF-4DC6-B0BC-1C55844059B9}.Release|Any CPU.Build.0 = Release|Any CPU
	EndGlobalSection
	GlobalSection(SolutionProperties) = preSolution
		HideSolutionNode = FALSE
	EndGlobalSection
	GlobalSection(ExtensibilityGlobals) = postSolution
		SolutionGuid = {67BB3296-1315-4A48-A19D-C0299FC12DE1}
	EndGlobalSection
EndGlobal
